
Microsoft Visual Studio Solution File, Format Version 12.00
# Visual Studio Version 17
VisualStudioVersion = 17.6.33712.159
MinimumVisualStudioVersion = 10.0.40219.1
Project("{FAE04EC0-301F-11D3-BF4B-00C04F79EFBC}") = "LABORATORIO 2 ACT 5", "LABORATORIO 2 ACT 5\LABORATORIO 2 ACT 5.csproj", "{93665BFA-9A50-4E14-8B7A-FA8305DF4573}"
EndProject
Global
	GlobalSection(SolutionConfigurationPlatforms) = preSolution
		Debug|Any CPU = Debug|Any CPU
		Release|Any CPU = Release|Any CPU
	EndGlobalSection
	GlobalSection(ProjectConfigurationPlatforms) = postSolution
		{93665BFA-9A50-4E14-8B7A-FA8305DF4573}.Debug|Any CPU.ActiveCfg = Debug|Any CPU
		{93665BFA-9A50-4E14-8B7A-FA8305DF4573}.Debug|Any CPU.Build.0 = Debug|Any CPU
		{93665BFA-9A50-4E14-8B7A-FA8305DF4573}.Release|Any CPU.ActiveCfg = Release|Any CPU
		{93665BFA-9A50-4E14-8B7A-FA8305DF4573}.Release|Any CPU.Build.0 = Release|Any CPU
	EndGlobalSection
	GlobalSection(SolutionProperties) = preSolution
		HideSolutionNode = FALSE
	EndGlobalSection
	GlobalSection(ExtensibilityGlobals) = postSolution
		SolutionGuid = {2C5155B3-5BEA-43B4-A174-7BF04BD77EB3}
	EndGlobalSection
EndGlobal
