
Microsoft Visual Studio Solution File, Format Version 12.00
# Visual Studio Version 17
VisualStudioVersion = 17.6.33712.159
MinimumVisualStudioVersion = 10.0.40219.1
Project("{FAE04EC0-301F-11D3-BF4B-00C04F79EFBC}") = "LABORATORIO 2 ACT 4", "LABORATORIO 2 ACT 4\LABORATORIO 2 ACT 4.csproj", "{27ED1246-415D-4ED9-A515-8DC97F7DBEBF}"
EndProject
Global
	GlobalSection(SolutionConfigurationPlatforms) = preSolution
		Debug|Any CPU = Debug|Any CPU
		Release|Any CPU = Release|Any CPU
	EndGlobalSection
	GlobalSection(ProjectConfigurationPlatforms) = postSolution
		{27ED1246-415D-4ED9-A515-8DC97F7DBEBF}.Debug|Any CPU.ActiveCfg = Debug|Any CPU
		{27ED1246-415D-4ED9-A515-8DC97F7DBEBF}.Debug|Any CPU.Build.0 = Debug|Any CPU
		{27ED1246-415D-4ED9-A515-8DC97F7DBEBF}.Release|Any CPU.ActiveCfg = Release|Any CPU
		{27ED1246-415D-4ED9-A515-8DC97F7DBEBF}.Release|Any CPU.Build.0 = Release|Any CPU
	EndGlobalSection
	GlobalSection(SolutionProperties) = preSolution
		HideSolutionNode = FALSE
	EndGlobalSection
	GlobalSection(ExtensibilityGlobals) = postSolution
		SolutionGuid = {41224213-23CD-476C-8EB1-E6AB656B0792}
	EndGlobalSection
EndGlobal
