
Microsoft Visual Studio Solution File, Format Version 12.00
# Visual Studio Version 17
VisualStudioVersion = 17.7.34009.444
MinimumVisualStudioVersion = 10.0.40219.1
Project("{FAE04EC0-301F-11D3-BF4B-00C04F79EFBC}") = "LABORATORIO 2 ACT 7", "LABORATORIO 2 ACT 7\LABORATORIO 2 ACT 7.csproj", "{86EE5E54-5017-4DF3-A041-26CA5E31902C}"
EndProject
Global
	GlobalSection(SolutionConfigurationPlatforms) = preSolution
		Debug|Any CPU = Debug|Any CPU
		Release|Any CPU = Release|Any CPU
	EndGlobalSection
	GlobalSection(ProjectConfigurationPlatforms) = postSolution
		{86EE5E54-5017-4DF3-A041-26CA5E31902C}.Debug|Any CPU.ActiveCfg = Debug|Any CPU
		{86EE5E54-5017-4DF3-A041-26CA5E31902C}.Debug|Any CPU.Build.0 = Debug|Any CPU
		{86EE5E54-5017-4DF3-A041-26CA5E31902C}.Release|Any CPU.ActiveCfg = Release|Any CPU
		{86EE5E54-5017-4DF3-A041-26CA5E31902C}.Release|Any CPU.Build.0 = Release|Any CPU
	EndGlobalSection
	GlobalSection(SolutionProperties) = preSolution
		HideSolutionNode = FALSE
	EndGlobalSection
	GlobalSection(ExtensibilityGlobals) = postSolution
		SolutionGuid = {0C755024-5C09-4FBF-B2EA-8AEBE4337791}
	EndGlobalSection
EndGlobal
